// !$*UTF8*$!
{
	archiveVersion = 1;
	classes = {
	};
	objectVersion = 46;
	objects = {

/* Begin PBXBuildFile section */
		4D501931167548130031B9F8 /* DetailViewController.m in Sources */ = {isa = PBXBuildFile; fileRef = 4D50192E167548130031B9F8 /* DetailViewController.m */; };
		4D501932167548130031B9F8 /* MasterViewController.m in Sources */ = {isa = PBXBuildFile; fileRef = 4D501930167548130031B9F8 /* MasterViewController.m */; };
		4D501936167548490031B9F8 /* Default.png in Resources */ = {isa = PBXBuildFile; fileRef = 4D501933167548490031B9F8 /* Default.png */; };
		4D501937167548490031B9F8 /* Default@2x.png in Resources */ = {isa = PBXBuildFile; fileRef = 4D501934167548490031B9F8 /* Default@2x.png */; };
		4D501938167548490031B9F8 /* Default-568h@2x.png in Resources */ = {isa = PBXBuildFile; fileRef = 4D501935167548490031B9F8 /* Default-568h@2x.png */; };
		4D501946167548A90031B9F8 /* mainBackground.png in Resources */ = {isa = PBXBuildFile; fileRef = 4D501943167548A90031B9F8 /* mainBackground.png */; };
		4D501948167548A90031B9F8 /* mainBackground-568h@2x.png in Resources */ = {isa = PBXBuildFile; fileRef = 4D501945167548A90031B9F8 /* mainBackground-568h@2x.png */; };
		4D50194F167548DA0031B9F8 /* TitilliumText25L 1wt.otf in Resources */ = {isa = PBXBuildFile; fileRef = 4D501949167548DA0031B9F8 /* TitilliumText25L 1wt.otf */; };
		4D501950167548DA0031B9F8 /* TitilliumText25L 250wt.otf in Resources */ = {isa = PBXBuildFile; fileRef = 4D50194A167548DA0031B9F8 /* TitilliumText25L 250wt.otf */; };
		4D501951167548DA0031B9F8 /* TitilliumText25L 400wt.otf in Resources */ = {isa = PBXBuildFile; fileRef = 4D50194B167548DA0031B9F8 /* TitilliumText25L 400wt.otf */; };
		4D501952167548DA0031B9F8 /* TitilliumText25L 600wt.otf in Resources */ = {isa = PBXBuildFile; fileRef = 4D50194C167548DA0031B9F8 /* TitilliumText25L 600wt.otf */; };
		4D501953167548DA0031B9F8 /* TitilliumText25L 800wt.otf in Resources */ = {isa = PBXBuildFile; fileRef = 4D50194D167548DA0031B9F8 /* TitilliumText25L 800wt.otf */; };
		4D501954167548DA0031B9F8 /* TitilliumText25L 999wt.otf in Resources */ = {isa = PBXBuildFile; fileRef = 4D50194E167548DA0031B9F8 /* TitilliumText25L 999wt.otf */; };
		4D50199716754A500031B9F8 /* ia_57x57_icon.png in Resources */ = {isa = PBXBuildFile; fileRef = 4D50199616754A500031B9F8 /* ia_57x57_icon.png */; };
		4D50199916754A5B0031B9F8 /* ia_114x114_icon.png in Resources */ = {isa = PBXBuildFile; fileRef = 4D50199816754A5B0031B9F8 /* ia_114x114_icon.png */; };
		4D50199B16754A780031B9F8 /* ia_72x72_icon.png in Resources */ = {isa = PBXBuildFile; fileRef = 4D50199A16754A780031B9F8 /* ia_72x72_icon.png */; };
		4D5019A516754D350031B9F8 /* ia12_app_callouts_1.png in Resources */ = {isa = PBXBuildFile; fileRef = 4D50199F16754D350031B9F8 /* ia12_app_callouts_1.png */; };
		4D5019A616754D350031B9F8 /* ia12_app_callouts_2.png in Resources */ = {isa = PBXBuildFile; fileRef = 4D5019A016754D350031B9F8 /* ia12_app_callouts_2.png */; };
		4D5019A716754D350031B9F8 /* ia12_app_callouts_3.png in Resources */ = {isa = PBXBuildFile; fileRef = 4D5019A116754D350031B9F8 /* ia12_app_callouts_3.png */; };
		4D5019A916754DEB0031B9F8 /* mainBackground@2x.png in Resources */ = {isa = PBXBuildFile; fileRef = 4D5019A816754DEB0031B9F8 /* mainBackground@2x.png */; };
		4D5CD9CA1675567100ABC2FD /* headerBackground.png in Resources */ = {isa = PBXBuildFile; fileRef = 4D5CD9C91675567100ABC2FD /* headerBackground.png */; };
		4DB7475316756FA5004664EC /* ia12_app_callouts_4.png in Resources */ = {isa = PBXBuildFile; fileRef = 4DB7475216756FA5004664EC /* ia12_app_callouts_4.png */; };
		4DB747561675733A004664EC /* headerBackground@2x.png in Resources */ = {isa = PBXBuildFile; fileRef = 4DB747551675733A004664EC /* headerBackground@2x.png */; };
		4DB7478E1675748A004664EC /* UIButton+SSGradient.m in Sources */ = {isa = PBXBuildFile; fileRef = 4DB7478D1675748A004664EC /* UIButton+SSGradient.m */; };
		4DB7479016757703004664EC /* QuartzCore.framework in Frameworks */ = {isa = PBXBuildFile; fileRef = 4DB7478F16757703004664EC /* QuartzCore.framework */; };
		4DCECFF41675474000272F0B /* UIKit.framework in Frameworks */ = {isa = PBXBuildFile; fileRef = 4DCECFF31675474000272F0B /* UIKit.framework */; };
		4DCECFF61675474000272F0B /* Foundation.framework in Frameworks */ = {isa = PBXBuildFile; fileRef = 4DCECFF51675474000272F0B /* Foundation.framework */; };
		4DCECFF81675474000272F0B /* CoreGraphics.framework in Frameworks */ = {isa = PBXBuildFile; fileRef = 4DCECFF71675474000272F0B /* CoreGraphics.framework */; };
		4DCECFFE1675474000272F0B /* InfoPlist.strings in Resources */ = {isa = PBXBuildFile; fileRef = 4DCECFFC1675474000272F0B /* InfoPlist.strings */; };
		4DCED0001675474000272F0B /* main.m in Sources */ = {isa = PBXBuildFile; fileRef = 4DCECFFF1675474000272F0B /* main.m */; };
		4DCED0041675474100272F0B /* AppDelegate.m in Sources */ = {isa = PBXBuildFile; fileRef = 4DCED0031675474100272F0B /* AppDelegate.m */; };
		4DCED00D1675474100272F0B /* MainStoryboard_iPhone.storyboard in Resources */ = {isa = PBXBuildFile; fileRef = 4DCED00B1675474100272F0B /* MainStoryboard_iPhone.storyboard */; };
		4DCED0101675474100272F0B /* MainStoryboard_iPad.storyboard in Resources */ = {isa = PBXBuildFile; fileRef = 4DCED00E1675474100272F0B /* MainStoryboard_iPad.storyboard */; };
		4DFEF4DD16757D500069E734 /* RegistrationViewController.m in Sources */ = {isa = PBXBuildFile; fileRef = 4DFEF4DC16757D4F0069E734 /* RegistrationViewController.m */; };
		4DFEF4E21675829A0069E734 /* MapViewController.m in Sources */ = {isa = PBXBuildFile; fileRef = 4DFEF4E11675829A0069E734 /* MapViewController.m */; };
		4DFEF4E41675840A0069E734 /* CoreLocation.framework in Frameworks */ = {isa = PBXBuildFile; fileRef = 4DFEF4E31675840A0069E734 /* CoreLocation.framework */; };
		4DFEF4E6167584390069E734 /* MapKit.framework in Frameworks */ = {isa = PBXBuildFile; fileRef = 4DFEF4E5167584390069E734 /* MapKit.framework */; };
		4DFEF4E91675869F0069E734 /* MapAnnotation.m in Sources */ = {isa = PBXBuildFile; fileRef = 4DFEF4E81675869F0069E734 /* MapAnnotation.m */; };
/* End PBXBuildFile section */

/* Begin PBXFileReference section */
		4D50192D167548130031B9F8 /* DetailViewController.h */ = {isa = PBXFileReference; fileEncoding = 4; lastKnownFileType = sourcecode.c.h; path = DetailViewController.h; sourceTree = "<group>"; };
		4D50192E167548130031B9F8 /* DetailViewController.m */ = {isa = PBXFileReference; fileEncoding = 4; lastKnownFileType = sourcecode.c.objc; path = DetailViewController.m; sourceTree = "<group>"; };
		4D50192F167548130031B9F8 /* MasterViewController.h */ = {isa = PBXFileReference; fileEncoding = 4; lastKnownFileType = sourcecode.c.h; path = MasterViewController.h; sourceTree = "<group>"; };
		4D501930167548130031B9F8 /* MasterViewController.m */ = {isa = PBXFileReference; fileEncoding = 4; lastKnownFileType = sourcecode.c.objc; path = MasterViewController.m; sourceTree = "<group>"; };
		4D501933167548490031B9F8 /* Default.png */ = {isa = PBXFileReference; lastKnownFileType = image.png; path = Default.png; sourceTree = "<group>"; };
		4D501934167548490031B9F8 /* Default@2x.png */ = {isa = PBXFileReference; lastKnownFileType = image.png; path = "Default@2x.png"; sourceTree = "<group>"; };
		4D501935167548490031B9F8 /* Default-568h@2x.png */ = {isa = PBXFileReference; lastKnownFileType = image.png; path = "Default-568h@2x.png"; sourceTree = "<group>"; };
		4D501943167548A90031B9F8 /* mainBackground.png */ = {isa = PBXFileReference; lastKnownFileType = image.png; path = mainBackground.png; sourceTree = "<group>"; };
		4D501945167548A90031B9F8 /* mainBackground-568h@2x.png */ = {isa = PBXFileReference; lastKnownFileType = image.png; path = "mainBackground-568h@2x.png"; sourceTree = "<group>"; };
		4D501949167548DA0031B9F8 /* TitilliumText25L 1wt.otf */ = {isa = PBXFileReference; lastKnownFileType = file; path = "TitilliumText25L 1wt.otf"; sourceTree = "<group>"; };
		4D50194A167548DA0031B9F8 /* TitilliumText25L 250wt.otf */ = {isa = PBXFileReference; lastKnownFileType = file; path = "TitilliumText25L 250wt.otf"; sourceTree = "<group>"; };
		4D50194B167548DA0031B9F8 /* TitilliumText25L 400wt.otf */ = {isa = PBXFileReference; lastKnownFileType = file; path = "TitilliumText25L 400wt.otf"; sourceTree = "<group>"; };
		4D50194C167548DA0031B9F8 /* TitilliumText25L 600wt.otf */ = {isa = PBXFileReference; lastKnownFileType = file; path = "TitilliumText25L 600wt.otf"; sourceTree = "<group>"; };
		4D50194D167548DA0031B9F8 /* TitilliumText25L 800wt.otf */ = {isa = PBXFileReference; lastKnownFileType = file; path = "TitilliumText25L 800wt.otf"; sourceTree = "<group>"; };
		4D50194E167548DA0031B9F8 /* TitilliumText25L 999wt.otf */ = {isa = PBXFileReference; lastKnownFileType = file; path = "TitilliumText25L 999wt.otf"; sourceTree = "<group>"; };
		4D50199616754A500031B9F8 /* ia_57x57_icon.png */ = {isa = PBXFileReference; lastKnownFileType = image.png; path = ia_57x57_icon.png; sourceTree = "<group>"; };
		4D50199816754A5B0031B9F8 /* ia_114x114_icon.png */ = {isa = PBXFileReference; lastKnownFileType = image.png; path = ia_114x114_icon.png; sourceTree = "<group>"; };
		4D50199A16754A780031B9F8 /* ia_72x72_icon.png */ = {isa = PBXFileReference; lastKnownFileType = image.png; path = ia_72x72_icon.png; sourceTree = "<group>"; };
		4D50199F16754D350031B9F8 /* ia12_app_callouts_1.png */ = {isa = PBXFileReference; lastKnownFileType = image.png; path = ia12_app_callouts_1.png; sourceTree = "<group>"; };
		4D5019A016754D350031B9F8 /* ia12_app_callouts_2.png */ = {isa = PBXFileReference; lastKnownFileType = image.png; path = ia12_app_callouts_2.png; sourceTree = "<group>"; };
		4D5019A116754D350031B9F8 /* ia12_app_callouts_3.png */ = {isa = PBXFileReference; lastKnownFileType = image.png; path = ia12_app_callouts_3.png; sourceTree = "<group>"; };
		4D5019A816754DEB0031B9F8 /* mainBackground@2x.png */ = {isa = PBXFileReference; lastKnownFileType = image.png; path = "mainBackground@2x.png"; sourceTree = "<group>"; };
		4D5CD9C91675567100ABC2FD /* headerBackground.png */ = {isa = PBXFileReference; lastKnownFileType = image.png; path = headerBackground.png; sourceTree = "<group>"; };
		4DB7475216756FA5004664EC /* ia12_app_callouts_4.png */ = {isa = PBXFileReference; lastKnownFileType = image.png; path = ia12_app_callouts_4.png; sourceTree = "<group>"; };
		4DB747551675733A004664EC /* headerBackground@2x.png */ = {isa = PBXFileReference; lastKnownFileType = image.png; path = "headerBackground@2x.png"; sourceTree = "<group>"; };
		4DB7478C1675748A004664EC /* UIButton+SSGradient.h */ = {isa = PBXFileReference; fileEncoding = 4; lastKnownFileType = sourcecode.c.h; path = "UIButton+SSGradient.h"; sourceTree = "<group>"; };
		4DB7478D1675748A004664EC /* UIButton+SSGradient.m */ = {isa = PBXFileReference; fileEncoding = 4; lastKnownFileType = sourcecode.c.objc; path = "UIButton+SSGradient.m"; sourceTree = "<group>"; };
		4DB7478F16757703004664EC /* QuartzCore.framework */ = {isa = PBXFileReference; lastKnownFileType = wrapper.framework; name = QuartzCore.framework; path = System/Library/Frameworks/QuartzCore.framework; sourceTree = SDKROOT; };
		4DCECFEF1675474000272F0B /* InnovationAwards.app */ = {isa = PBXFileReference; explicitFileType = wrapper.application; includeInIndex = 0; path = InnovationAwards.app; sourceTree = BUILT_PRODUCTS_DIR; };
		4DCECFF31675474000272F0B /* UIKit.framework */ = {isa = PBXFileReference; lastKnownFileType = wrapper.framework; name = UIKit.framework; path = System/Library/Frameworks/UIKit.framework; sourceTree = SDKROOT; };
		4DCECFF51675474000272F0B /* Foundation.framework */ = {isa = PBXFileReference; lastKnownFileType = wrapper.framework; name = Foundation.framework; path = System/Library/Frameworks/Foundation.framework; sourceTree = SDKROOT; };
		4DCECFF71675474000272F0B /* CoreGraphics.framework */ = {isa = PBXFileReference; lastKnownFileType = wrapper.framework; name = CoreGraphics.framework; path = System/Library/Frameworks/CoreGraphics.framework; sourceTree = SDKROOT; };
		4DCECFFB1675474000272F0B /* InnovationAwards-Info.plist */ = {isa = PBXFileReference; lastKnownFileType = text.plist.xml; path = "InnovationAwards-Info.plist"; sourceTree = "<group>"; };
		4DCECFFD1675474000272F0B /* en */ = {isa = PBXFileReference; lastKnownFileType = text.plist.strings; name = en; path = en.lproj/InfoPlist.strings; sourceTree = "<group>"; };
		4DCECFFF1675474000272F0B /* main.m */ = {isa = PBXFileReference; lastKnownFileType = sourcecode.c.objc; path = main.m; sourceTree = "<group>"; };
		4DCED0011675474000272F0B /* InnovationAwards-Prefix.pch */ = {isa = PBXFileReference; lastKnownFileType = sourcecode.c.h; path = "InnovationAwards-Prefix.pch"; sourceTree = "<group>"; };
		4DCED0021675474000272F0B /* AppDelegate.h */ = {isa = PBXFileReference; lastKnownFileType = sourcecode.c.h; path = AppDelegate.h; sourceTree = "<group>"; };
		4DCED0031675474100272F0B /* AppDelegate.m */ = {isa = PBXFileReference; lastKnownFileType = sourcecode.c.objc; path = AppDelegate.m; sourceTree = "<group>"; };
		4DCED00C1675474100272F0B /* en */ = {isa = PBXFileReference; lastKnownFileType = file.storyboard; name = en; path = en.lproj/MainStoryboard_iPhone.storyboard; sourceTree = "<group>"; };
		4DCED00F1675474100272F0B /* en */ = {isa = PBXFileReference; lastKnownFileType = file.storyboard; name = en; path = en.lproj/MainStoryboard_iPad.storyboard; sourceTree = "<group>"; };
		4DFEF4DB16757D4F0069E734 /* RegistrationViewController.h */ = {isa = PBXFileReference; fileEncoding = 4; lastKnownFileType = sourcecode.c.h; name = RegistrationViewController.h; path = InnovationAwards/Controllers/RegistrationViewController.h; sourceTree = SOURCE_ROOT; };
		4DFEF4DC16757D4F0069E734 /* RegistrationViewController.m */ = {isa = PBXFileReference; fileEncoding = 4; lastKnownFileType = sourcecode.c.objc; name = RegistrationViewController.m; path = InnovationAwards/Controllers/RegistrationViewController.m; sourceTree = SOURCE_ROOT; };
		4DFEF4DF1675809C0069E734 /* Constants.h */ = {isa = PBXFileReference; fileEncoding = 4; lastKnownFileType = sourcecode.c.h; path = Constants.h; sourceTree = "<group>"; };
		4DFEF4E01675829A0069E734 /* MapViewController.h */ = {isa = PBXFileReference; fileEncoding = 4; lastKnownFileType = sourcecode.c.h; name = MapViewController.h; path = InnovationAwards/Controllers/MapViewController.h; sourceTree = SOURCE_ROOT; };
		4DFEF4E11675829A0069E734 /* MapViewController.m */ = {isa = PBXFileReference; fileEncoding = 4; lastKnownFileType = sourcecode.c.objc; name = MapViewController.m; path = InnovationAwards/Controllers/MapViewController.m; sourceTree = SOURCE_ROOT; };
		4DFEF4E31675840A0069E734 /* CoreLocation.framework */ = {isa = PBXFileReference; lastKnownFileType = wrapper.framework; name = CoreLocation.framework; path = System/Library/Frameworks/CoreLocation.framework; sourceTree = SDKROOT; };
		4DFEF4E5167584390069E734 /* MapKit.framework */ = {isa = PBXFileReference; lastKnownFileType = wrapper.framework; name = MapKit.framework; path = System/Library/Frameworks/MapKit.framework; sourceTree = SDKROOT; };
		4DFEF4E71675869F0069E734 /* MapAnnotation.h */ = {isa = PBXFileReference; fileEncoding = 4; lastKnownFileType = sourcecode.c.h; name = MapAnnotation.h; path = InnovationAwards/Models/MapAnnotation.h; sourceTree = SOURCE_ROOT; };
		4DFEF4E81675869F0069E734 /* MapAnnotation.m */ = {isa = PBXFileReference; fileEncoding = 4; lastKnownFileType = sourcecode.c.objc; name = MapAnnotation.m; path = InnovationAwards/Models/MapAnnotation.m; sourceTree = SOURCE_ROOT; };
/* End PBXFileReference section */

/* Begin PBXFrameworksBuildPhase section */
		4DCECFEC1675474000272F0B /* Frameworks */ = {
			isa = PBXFrameworksBuildPhase;
			buildActionMask = 2147483647;
			files = (
				4DFEF4E6167584390069E734 /* MapKit.framework in Frameworks */,
				4DFEF4E41675840A0069E734 /* CoreLocation.framework in Frameworks */,
				4DB7479016757703004664EC /* QuartzCore.framework in Frameworks */,
				4DCECFF41675474000272F0B /* UIKit.framework in Frameworks */,
				4DCECFF61675474000272F0B /* Foundation.framework in Frameworks */,
				4DCECFF81675474000272F0B /* CoreGraphics.framework in Frameworks */,
			);
			runOnlyForDeploymentPostprocessing = 0;
		};
/* End PBXFrameworksBuildPhase section */

/* Begin PBXGroup section */
		4D501928167547D40031B9F8 /* Assets */ = {
			isa = PBXGroup;
			children = (
				4D501949167548DA0031B9F8 /* TitilliumText25L 1wt.otf */,
				4D50194A167548DA0031B9F8 /* TitilliumText25L 250wt.otf */,
				4D50194B167548DA0031B9F8 /* TitilliumText25L 400wt.otf */,
				4D50194C167548DA0031B9F8 /* TitilliumText25L 600wt.otf */,
				4D50194D167548DA0031B9F8 /* TitilliumText25L 800wt.otf */,
				4D50194E167548DA0031B9F8 /* TitilliumText25L 999wt.otf */,
				4D5CD9C91675567100ABC2FD /* headerBackground.png */,
				4DB747551675733A004664EC /* headerBackground@2x.png */,
				4D50199F16754D350031B9F8 /* ia12_app_callouts_1.png */,
				4D5019A016754D350031B9F8 /* ia12_app_callouts_2.png */,
				4D5019A116754D350031B9F8 /* ia12_app_callouts_3.png */,
				4DB7475216756FA5004664EC /* ia12_app_callouts_4.png */,
				4D501943167548A90031B9F8 /* mainBackground.png */,
				4D5019A816754DEB0031B9F8 /* mainBackground@2x.png */,
				4D501945167548A90031B9F8 /* mainBackground-568h@2x.png */,
				4D501933167548490031B9F8 /* Default.png */,
				4D501934167548490031B9F8 /* Default@2x.png */,
				4D501935167548490031B9F8 /* Default-568h@2x.png */,
			);
			path = Assets;
			sourceTree = "<group>";
		};
		4D50192A167547DB0031B9F8 /* Controllers */ = {
			isa = PBXGroup;
			children = (
				4DFEF4E01675829A0069E734 /* MapViewController.h */,
				4DFEF4E11675829A0069E734 /* MapViewController.m */,
				4DFEF4DB16757D4F0069E734 /* RegistrationViewController.h */,
				4DFEF4DC16757D4F0069E734 /* RegistrationViewController.m */,
				4D50192D167548130031B9F8 /* DetailViewController.h */,
				4D50192E167548130031B9F8 /* DetailViewController.m */,
				4D50192F167548130031B9F8 /* MasterViewController.h */,
				4D501930167548130031B9F8 /* MasterViewController.m */,
			);
			path = Controllers;
			sourceTree = "<group>";
		};
		4D50192B167547E70031B9F8 /* Models */ = {
			isa = PBXGroup;
			children = (
				4DFEF4E71675869F0069E734 /* MapAnnotation.h */,
				4DFEF4E81675869F0069E734 /* MapAnnotation.m */,
			);
			path = Models;
			sourceTree = "<group>";
		};
		4D50192C167547E70031B9F8 /* Views */ = {
			isa = PBXGroup;
			children = (
				4DCED00B1675474100272F0B /* MainStoryboard_iPhone.storyboard */,
				4DCED00E1675474100272F0B /* MainStoryboard_iPad.storyboard */,
			);
			path = Views;
			sourceTree = "<group>";
		};
		4DCECFE41675474000272F0B = {
			isa = PBXGroup;
			children = (
				4DFEF4E5167584390069E734 /* MapKit.framework */,
				4DFEF4E31675840A0069E734 /* CoreLocation.framework */,
				4DB7478F16757703004664EC /* QuartzCore.framework */,
				4D50199A16754A780031B9F8 /* ia_72x72_icon.png */,
				4D50199816754A5B0031B9F8 /* ia_114x114_icon.png */,
				4D50199616754A500031B9F8 /* ia_57x57_icon.png */,
				4DCECFF91675474000272F0B /* InnovationAwards */,
				4DCECFF21675474000272F0B /* Frameworks */,
				4DCECFF01675474000272F0B /* Products */,
			);
			sourceTree = "<group>";
		};
		4DCECFF01675474000272F0B /* Products */ = {
			isa = PBXGroup;
			children = (
				4DCECFEF1675474000272F0B /* InnovationAwards.app */,
			);
			name = Products;
			sourceTree = "<group>";
		};
		4DCECFF21675474000272F0B /* Frameworks */ = {
			isa = PBXGroup;
			children = (
				4DCECFF31675474000272F0B /* UIKit.framework */,
				4DCECFF51675474000272F0B /* Foundation.framework */,
				4DCECFF71675474000272F0B /* CoreGraphics.framework */,
			);
			name = Frameworks;
			sourceTree = "<group>";
		};
		4DCECFF91675474000272F0B /* InnovationAwards */ = {
			isa = PBXGroup;
			children = (
				4D50192B167547E70031B9F8 /* Models */,
				4D50192C167547E70031B9F8 /* Views */,
				4D50192A167547DB0031B9F8 /* Controllers */,
				4D501928167547D40031B9F8 /* Assets */,
				4DCED0021675474000272F0B /* AppDelegate.h */,
				4DCED0031675474100272F0B /* AppDelegate.m */,
				4DCECFFA1675474000272F0B /* Supporting Files */,
			);
			path = InnovationAwards;
			sourceTree = "<group>";
		};
		4DCECFFA1675474000272F0B /* Supporting Files */ = {
			isa = PBXGroup;
			children = (
				4DFEF4DF1675809C0069E734 /* Constants.h */,
				4DB7478C1675748A004664EC /* UIButton+SSGradient.h */,
				4DB7478D1675748A004664EC /* UIButton+SSGradient.m */,
				4DCECFFB1675474000272F0B /* InnovationAwards-Info.plist */,
				4DCECFFC1675474000272F0B /* InfoPlist.strings */,
				4DCECFFF1675474000272F0B /* main.m */,
				4DCED0011675474000272F0B /* InnovationAwards-Prefix.pch */,
			);
			name = "Supporting Files";
			sourceTree = "<group>";
		};
/* End PBXGroup section */

/* Begin PBXNativeTarget section */
		4DCECFEE1675474000272F0B /* InnovationAwards */ = {
			isa = PBXNativeTarget;
			buildConfigurationList = 4DCED0191675474100272F0B /* Build configuration list for PBXNativeTarget "InnovationAwards" */;
			buildPhases = (
				4DCECFEB1675474000272F0B /* Sources */,
				4DCECFEC1675474000272F0B /* Frameworks */,
				4DCECFED1675474000272F0B /* Resources */,
			);
			buildRules = (
			);
			dependencies = (
			);
			name = InnovationAwards;
			productName = InnovationAwards;
			productReference = 4DCECFEF1675474000272F0B /* InnovationAwards.app */;
			productType = "com.apple.product-type.application";
		};
/* End PBXNativeTarget section */

/* Begin PBXProject section */
		4DCECFE61675474000272F0B /* Project object */ = {
			isa = PBXProject;
			attributes = {
				LastUpgradeCheck = 0450;
				ORGANIZATIONNAME = TechColumbus;
			};
			buildConfigurationList = 4DCECFE91675474000272F0B /* Build configuration list for PBXProject "InnovationAwards" */;
			compatibilityVersion = "Xcode 3.2";
			developmentRegion = English;
			hasScannedForEncodings = 0;
			knownRegions = (
				en,
			);
			mainGroup = 4DCECFE41675474000272F0B;
			productRefGroup = 4DCECFF01675474000272F0B /* Products */;
			projectDirPath = "";
			projectRoot = "";
			targets = (
				4DCECFEE1675474000272F0B /* InnovationAwards */,
			);
		};
/* End PBXProject section */

/* Begin PBXResourcesBuildPhase section */
		4DCECFED1675474000272F0B /* Resources */ = {
			isa = PBXResourcesBuildPhase;
			buildActionMask = 2147483647;
			files = (
				4DCECFFE1675474000272F0B /* InfoPlist.strings in Resources */,
				4DCED00D1675474100272F0B /* MainStoryboard_iPhone.storyboard in Resources */,
				4DCED0101675474100272F0B /* MainStoryboard_iPad.storyboard in Resources */,
				4D501936167548490031B9F8 /* Default.png in Resources */,
				4D501937167548490031B9F8 /* Default@2x.png in Resources */,
				4D501938167548490031B9F8 /* Default-568h@2x.png in Resources */,
				4D501946167548A90031B9F8 /* mainBackground.png in Resources */,
				4D501948167548A90031B9F8 /* mainBackground-568h@2x.png in Resources */,
				4D50194F167548DA0031B9F8 /* TitilliumText25L 1wt.otf in Resources */,
				4D501950167548DA0031B9F8 /* TitilliumText25L 250wt.otf in Resources */,
				4D501951167548DA0031B9F8 /* TitilliumText25L 400wt.otf in Resources */,
				4D501952167548DA0031B9F8 /* TitilliumText25L 600wt.otf in Resources */,
				4D501953167548DA0031B9F8 /* TitilliumText25L 800wt.otf in Resources */,
				4D501954167548DA0031B9F8 /* TitilliumText25L 999wt.otf in Resources */,
				4D50199716754A500031B9F8 /* ia_57x57_icon.png in Resources */,
				4D50199916754A5B0031B9F8 /* ia_114x114_icon.png in Resources */,
				4D50199B16754A780031B9F8 /* ia_72x72_icon.png in Resources */,
				4D5019A516754D350031B9F8 /* ia12_app_callouts_1.png in Resources */,
				4D5019A616754D350031B9F8 /* ia12_app_callouts_2.png in Resources */,
				4D5019A716754D350031B9F8 /* ia12_app_callouts_3.png in Resources */,
				4D5019A916754DEB0031B9F8 /* mainBackground@2x.png in Resources */,
				4D5CD9CA1675567100ABC2FD /* headerBackground.png in Resources */,
				4DB7475316756FA5004664EC /* ia12_app_callouts_4.png in Resources */,
				4DB747561675733A004664EC /* headerBackground@2x.png in Resources */,
			);
			runOnlyForDeploymentPostprocessing = 0;
		};
/* End PBXResourcesBuildPhase section */

/* Begin PBXSourcesBuildPhase section */
		4DCECFEB1675474000272F0B /* Sources */ = {
			isa = PBXSourcesBuildPhase;
			buildActionMask = 2147483647;
			files = (
				4DCED0001675474000272F0B /* main.m in Sources */,
				4DCED0041675474100272F0B /* AppDelegate.m in Sources */,
				4D501931167548130031B9F8 /* DetailViewController.m in Sources */,
				4D501932167548130031B9F8 /* MasterViewController.m in Sources */,
				4DB7478E1675748A004664EC /* UIButton+SSGradient.m in Sources */,
				4DFEF4DD16757D500069E734 /* RegistrationViewController.m in Sources */,
				4DFEF4E21675829A0069E734 /* MapViewController.m in Sources */,
				4DFEF4E91675869F0069E734 /* MapAnnotation.m in Sources */,
			);
			runOnlyForDeploymentPostprocessing = 0;
		};
/* End PBXSourcesBuildPhase section */

/* Begin PBXVariantGroup section */
		4DCECFFC1675474000272F0B /* InfoPlist.strings */ = {
			isa = PBXVariantGroup;
			children = (
				4DCECFFD1675474000272F0B /* en */,
			);
			name = InfoPlist.strings;
			sourceTree = "<group>";
		};
		4DCED00B1675474100272F0B /* MainStoryboard_iPhone.storyboard */ = {
			isa = PBXVariantGroup;
			children = (
				4DCED00C1675474100272F0B /* en */,
			);
			name = MainStoryboard_iPhone.storyboard;
			path = ..;
			sourceTree = "<group>";
		};
		4DCED00E1675474100272F0B /* MainStoryboard_iPad.storyboard */ = {
			isa = PBXVariantGroup;
			children = (
				4DCED00F1675474100272F0B /* en */,
			);
			name = MainStoryboard_iPad.storyboard;
			path = ..;
			sourceTree = "<group>";
		};
/* End PBXVariantGroup section */

/* Begin XCBuildConfiguration section */
		4DCED0171675474100272F0B /* Debug */ = {
			isa = XCBuildConfiguration;
			buildSettings = {
				ALWAYS_SEARCH_USER_PATHS = NO;
				CLANG_CXX_LANGUAGE_STANDARD = "gnu++0x";
				CLANG_CXX_LIBRARY = "libc++";
				CLANG_ENABLE_OBJC_ARC = YES;
				CLANG_WARN_EMPTY_BODY = YES;
				CLANG_WARN__DUPLICATE_METHOD_MATCH = YES;
				"CODE_SIGN_IDENTITY[sdk=iphoneos*]" = "iPhone Developer";
				COPY_PHASE_STRIP = NO;
				GCC_C_LANGUAGE_STANDARD = gnu99;
				GCC_DYNAMIC_NO_PIC = NO;
				GCC_OPTIMIZATION_LEVEL = 0;
				GCC_PREPROCESSOR_DEFINITIONS = (
					"DEBUG=1",
					"$(inherited)",
				);
				GCC_SYMBOLS_PRIVATE_EXTERN = NO;
				GCC_WARN_ABOUT_RETURN_TYPE = YES;
				GCC_WARN_UNINITIALIZED_AUTOS = YES;
				GCC_WARN_UNUSED_VARIABLE = YES;
				IPHONEOS_DEPLOYMENT_TARGET = 6.0;
				ONLY_ACTIVE_ARCH = YES;
				SDKROOT = iphoneos;
				TARGETED_DEVICE_FAMILY = "1,2";
			};
			name = Debug;
		};
		4DCED0181675474100272F0B /* Release */ = {
			isa = XCBuildConfiguration;
			buildSettings = {
				ALWAYS_SEARCH_USER_PATHS = NO;
				CLANG_CXX_LANGUAGE_STANDARD = "gnu++0x";
				CLANG_CXX_LIBRARY = "libc++";
				CLANG_ENABLE_OBJC_ARC = YES;
				CLANG_WARN_EMPTY_BODY = YES;
				CLANG_WARN__DUPLICATE_METHOD_MATCH = YES;
				"CODE_SIGN_IDENTITY[sdk=iphoneos*]" = "iPhone Developer";
				COPY_PHASE_STRIP = YES;
				GCC_C_LANGUAGE_STANDARD = gnu99;
				GCC_WARN_ABOUT_RETURN_TYPE = YES;
				GCC_WARN_UNINITIALIZED_AUTOS = YES;
				GCC_WARN_UNUSED_VARIABLE = YES;
				IPHONEOS_DEPLOYMENT_TARGET = 6.0;
				OTHER_CFLAGS = "-DNS_BLOCK_ASSERTIONS=1";
				SDKROOT = iphoneos;
				TARGETED_DEVICE_FAMILY = "1,2";
				VALIDATE_PRODUCT = YES;
			};
			name = Release;
		};
		4DCED01A1675474100272F0B /* Debug */ = {
			isa = XCBuildConfiguration;
			buildSettings = {
				GCC_PRECOMPILE_PREFIX_HEADER = YES;
				GCC_PREFIX_HEADER = "InnovationAwards/InnovationAwards-Prefix.pch";
				INFOPLIST_FILE = "InnovationAwards/InnovationAwards-Info.plist";
				PRODUCT_NAME = "$(TARGET_NAME)";
				WRAPPER_EXTENSION = app;
			};
			name = Debug;
		};
		4DCED01B1675474100272F0B /* Release */ = {
			isa = XCBuildConfiguration;
			buildSettings = {
				GCC_PRECOMPILE_PREFIX_HEADER = YES;
				GCC_PREFIX_HEADER = "InnovationAwards/InnovationAwards-Prefix.pch";
				INFOPLIST_FILE = "InnovationAwards/InnovationAwards-Info.plist";
				PRODUCT_NAME = "$(TARGET_NAME)";
				WRAPPER_EXTENSION = app;
			};
			name = Release;
		};
/* End XCBuildConfiguration section */

/* Begin XCConfigurationList section */
		4DCECFE91675474000272F0B /* Build configuration list for PBXProject "InnovationAwards" */ = {
			isa = XCConfigurationList;
			buildConfigurations = (
				4DCED0171675474100272F0B /* Debug */,
				4DCED0181675474100272F0B /* Release */,
			);
			defaultConfigurationIsVisible = 0;
			defaultConfigurationName = Release;
		};
		4DCED0191675474100272F0B /* Build configuration list for PBXNativeTarget "InnovationAwards" */ = {
			isa = XCConfigurationList;
			buildConfigurations = (
				4DCED01A1675474100272F0B /* Debug */,
				4DCED01B1675474100272F0B /* Release */,
			);
			defaultConfigurationIsVisible = 0;
			defaultConfigurationName = Release;
		};
/* End XCConfigurationList section */
	};
	rootObject = 4DCECFE61675474000272F0B /* Project object */;
}
